
Microsoft Visual Studio Solution File, Format Version 12.00
# Visual Studio Version 16
VisualStudioVersion = 16.0.34301.259
MinimumVisualStudioVersion = 10.0.40219.1
Project("{FAE04EC0-301F-11D3-BF4B-00C04F79EFBC}") = "FruistAndVegetables", "FruistAndVegetables\FruistAndVegetables.csproj", "{EC64BEA9-4530-42D2-9BD8-7AB9B207FEC9}"
EndProject
Global
	GlobalSection(SolutionConfigurationPlatforms) = preSolution
		Debug|Any CPU = Debug|Any CPU
		Release|Any CPU = Release|Any CPU
	EndGlobalSection
	GlobalSection(ProjectConfigurationPlatforms) = postSolution
		{EC64BEA9-4530-42D2-9BD8-7AB9B207FEC9}.Debug|Any CPU.ActiveCfg = Debug|Any CPU
		{EC64BEA9-4530-42D2-9BD8-7AB9B207FEC9}.Debug|Any CPU.Build.0 = Debug|Any CPU
		{EC64BEA9-4530-42D2-9BD8-7AB9B207FEC9}.Release|Any CPU.ActiveCfg = Release|Any CPU
		{EC64BEA9-4530-42D2-9BD8-7AB9B207FEC9}.Release|Any CPU.Build.0 = Release|Any CPU
	EndGlobalSection
	GlobalSection(SolutionProperties) = preSolution
		HideSolutionNode = FALSE
	EndGlobalSection
	GlobalSection(ExtensibilityGlobals) = postSolution
		SolutionGuid = {494F6E89-A0C5-4E00-AFAB-AD718B555401}
	EndGlobalSection
EndGlobal
